
Microsoft Visual Studio Solution File, Format Version 12.00
# Visual Studio Version 16
VisualStudioVersion = 16.0.31205.134
MinimumVisualStudioVersion = 10.0.40219.1
Project("{9A19103F-16F7-4668-BE54-9A1E7A4F7556}") = "Fuse", "Fuse.csproj", "{9E2E0C4D-EE0A-44C1-BB08-5C9068BFFD19}"
EndProject
Project("{9A19103F-16F7-4668-BE54-9A1E7A4F7556}") = "PatchTests", "..\..\PatchTests\PatchTests.csproj", "{EC30A955-DBD6-4CD4-ABC1-A158D6BE4313}"
EndProject
Global
	GlobalSection(SolutionConfigurationPlatforms) = preSolution
		Debug|Any CPU = Debug|Any CPU
		Debug|x64 = Debug|x64
		Release|Any CPU = Release|Any CPU
		Release|x64 = Release|x64
	EndGlobalSection
	GlobalSection(ProjectConfigurationPlatforms) = postSolution
		{9E2E0C4D-EE0A-44C1-BB08-5C9068BFFD19}.Debug|Any CPU.ActiveCfg = Debug|Any CPU
		{9E2E0C4D-EE0A-44C1-BB08-5C9068BFFD19}.Debug|Any CPU.Build.0 = Debug|Any CPU
		{9E2E0C4D-EE0A-44C1-BB08-5C9068BFFD19}.Debug|x64.ActiveCfg = Debug|Any CPU
		{9E2E0C4D-EE0A-44C1-BB08-5C9068BFFD19}.Debug|x64.Build.0 = Debug|Any CPU
		{9E2E0C4D-EE0A-44C1-BB08-5C9068BFFD19}.Release|Any CPU.ActiveCfg = Release|Any CPU
		{9E2E0C4D-EE0A-44C1-BB08-5C9068BFFD19}.Release|Any CPU.Build.0 = Release|Any CPU
		{9E2E0C4D-EE0A-44C1-BB08-5C9068BFFD19}.Release|x64.ActiveCfg = Release|Any CPU
		{9E2E0C4D-EE0A-44C1-BB08-5C9068BFFD19}.Release|x64.Build.0 = Release|Any CPU
		{EC30A955-DBD6-4CD4-ABC1-A158D6BE4313}.Debug|Any CPU.ActiveCfg = Debug|Any CPU
		{EC30A955-DBD6-4CD4-ABC1-A158D6BE4313}.Debug|Any CPU.Build.0 = Debug|Any CPU
		{EC30A955-DBD6-4CD4-ABC1-A158D6BE4313}.Debug|x64.ActiveCfg = Debug|Any CPU
		{EC30A955-DBD6-4CD4-ABC1-A158D6BE4313}.Debug|x64.Build.0 = Debug|Any CPU
		{EC30A955-DBD6-4CD4-ABC1-A158D6BE4313}.Release|Any CPU.ActiveCfg = Release|Any CPU
		{EC30A955-DBD6-4CD4-ABC1-A158D6BE4313}.Release|Any CPU.Build.0 = Release|Any CPU
		{EC30A955-DBD6-4CD4-ABC1-A158D6BE4313}.Release|x64.ActiveCfg = Release|Any CPU
		{EC30A955-DBD6-4CD4-ABC1-A158D6BE4313}.Release|x64.Build.0 = Release|Any CPU
	EndGlobalSection
	GlobalSection(SolutionProperties) = preSolution
		HideSolutionNode = FALSE
	EndGlobalSection
	GlobalSection(ExtensibilityGlobals) = postSolution
		SolutionGuid = {C0576C04-C81E-471B-BA63-9BC69DE09BE3}
	EndGlobalSection
EndGlobal
