
Microsoft Visual Studio Solution File, Format Version 12.00
Project("{FAE04EC0-301F-11D3-BF4B-00C04F79EFBC}") = "Fuse", "Fuse.csproj", "{797EFA4C-B4EC-49E3-90F5-3625B0CCF640}"
EndProject
Global
	GlobalSection(SolutionConfigurationPlatforms) = preSolution
		Debug|Any CPU = Debug|Any CPU
		Release|Any CPU = Release|Any CPU
	EndGlobalSection
	GlobalSection(ProjectConfigurationPlatforms) = postSolution
		{797EFA4C-B4EC-49E3-90F5-3625B0CCF640}.Debug|Any CPU.ActiveCfg = Debug|Any CPU
		{797EFA4C-B4EC-49E3-90F5-3625B0CCF640}.Debug|Any CPU.Build.0 = Debug|Any CPU
		{797EFA4C-B4EC-49E3-90F5-3625B0CCF640}.Release|Any CPU.ActiveCfg = Release|Any CPU
		{797EFA4C-B4EC-49E3-90F5-3625B0CCF640}.Release|Any CPU.Build.0 = Release|Any CPU
	EndGlobalSection
EndGlobal
