
Microsoft Visual Studio Solution File, Format Version 12.00
# Visual Studio Version 16
VisualStudioVersion = 16.0.30413.136
MinimumVisualStudioVersion = 10.0.40219.1
Project("{9A19103F-16F7-4668-BE54-9A1E7A4F7556}") = "EditShaders", "EditShaders.csproj", "{A6E4858A-CDF7-4384-8FF3-3CFE59E8EEC4}"
EndProject
Project("{2150E333-8FDC-42A3-9474-1A3956D46DE8}") = "Fluid3D", "Fluid3D", "{F0A73EDC-3DD3-4DC6-980C-D606AF639A16}"
	ProjectSection(SolutionItems) = preProject
		..\shaders\Fluid3DAdvectVelocity_Internal_ComputeFX.sdsl = ..\shaders\Fluid3DAdvectVelocity_Internal_ComputeFX.sdsl
		..\shaders\Fluid3DComputePressure_Internal_ComputeFX.sdsl = ..\shaders\Fluid3DComputePressure_Internal_ComputeFX.sdsl
		..\shaders\Fluid3DComputeVelocityDivergence_Internal_ComputeFX.sdsl = ..\shaders\Fluid3DComputeVelocityDivergence_Internal_ComputeFX.sdsl
		..\shaders\Fluid3DConfinement_Internal_ComputeFX.sdsl = ..\shaders\Fluid3DConfinement_Internal_ComputeFX.sdsl
		..\shaders\Fluid3DGlobals.sdsl = ..\shaders\Fluid3DGlobals.sdsl
		..\shaders\Fluid3DProjectVelocity_Internal_ComputeFX.sdsl = ..\shaders\Fluid3DProjectVelocity_Internal_ComputeFX.sdsl
		..\shaders\Fluid3DRaymarcher_DrawFX.sdsl = ..\shaders\Fluid3DRaymarcher_DrawFX.sdsl
		..\shaders\Fluid3DSphericalImpulse_Internal_ComputeFX.sdsl = ..\shaders\Fluid3DSphericalImpulse_Internal_ComputeFX.sdsl
		..\shaders\Fluid3DVorticity_Internal_ComputeFX.sdsl = ..\shaders\Fluid3DVorticity_Internal_ComputeFX.sdsl
	EndProjectSection
EndProject
Project("{2150E333-8FDC-42A3-9474-1A3956D46DE8}") = "Noise", "Noise", "{1B837CC7-E8C2-4FB9-97E5-9C013364D3BC}"
	ProjectSection(SolutionItems) = preProject
		..\shaders\FuseCommonNoise.sdsl = ..\shaders\FuseCommonNoise.sdsl
		..\shaders\FuseCommonNoiseGradientNoise.sdsl = ..\shaders\FuseCommonNoiseGradientNoise.sdsl
		..\shaders\FuseCommonNoiseRandom.sdsl = ..\shaders\FuseCommonNoiseRandom.sdsl
		..\shaders\FuseCommonNoiseSimplex.sdsl = ..\shaders\FuseCommonNoiseSimplex.sdsl
		..\shaders\FuseCommonNoiseSine.sdsl = ..\shaders\FuseCommonNoiseSine.sdsl
		..\shaders\FuseCommonNoiseValueNoise.sdsl = ..\shaders\FuseCommonNoiseValueNoise.sdsl
		..\shaders\FuseCommonNoiseWorley.sdsl = ..\shaders\FuseCommonNoiseWorley.sdsl
	EndProjectSection
EndProject
Project("{2150E333-8FDC-42A3-9474-1A3956D46DE8}") = "Math", "Math", "{B4F88D52-2A01-46CC-9D48-D4D8CFA0AFC9}"
	ProjectSection(SolutionItems) = preProject
		..\shaders\FuseCoreMath.sdsl = ..\shaders\FuseCoreMath.sdsl
		..\shaders\FuseCoreMathHash.sdsl = ..\shaders\FuseCoreMathHash.sdsl
		..\shaders\FuseCoreMathMap.sdsl = ..\shaders\FuseCoreMathMap.sdsl
		..\shaders\FuseCoreMathPCG.sdsl = ..\shaders\FuseCoreMathPCG.sdsl
	EndProjectSection
EndProject
Project("{2150E333-8FDC-42A3-9474-1A3956D46DE8}") = "FuseShaders", "FuseShaders", "{556553BB-F22B-48F2-8571-3C11B43BEA42}"
	ProjectSection(SolutionItems) = preProject
		..\shaders\FuseCommonBuffer.sdsl = ..\shaders\FuseCommonBuffer.sdsl
		..\shaders\FuseCommonDrawPosNormOverride.sdsl = ..\shaders\FuseCommonDrawPosNormOverride.sdsl
		..\shaders\FuseCommonDrawPosNormOverrideExtension.sdsl = ..\shaders\FuseCommonDrawPosNormOverrideExtension.sdsl
		..\shaders\FuseCommonDrawSphereImposterExtension.sdsl = ..\shaders\FuseCommonDrawSphereImposterExtension.sdsl
		..\shaders\FuseCommonDrawSphereSimpleExtension.sdsl = ..\shaders\FuseCommonDrawSphereSimpleExtension.sdsl
		..\shaders\FuseCommonSDF.sdsl = ..\shaders\FuseCommonSDF.sdsl
		..\shaders\FuseCommonTypes.sdsl = ..\shaders\FuseCommonTypes.sdsl
		..\shaders\FuseCoreBaseCast.sdsl = ..\shaders\FuseCoreBaseCast.sdsl
		..\shaders\FuseCoreColor.sdsl = ..\shaders\FuseCoreColor.sdsl
		..\shaders\FuseCoreDomain.sdsl = ..\shaders\FuseCoreDomain.sdsl
		..\shaders\FuseCoreTransform.sdsl = ..\shaders\FuseCoreTransform.sdsl
		..\shaders\FuseMaterial.sdsl = ..\shaders\FuseMaterial.sdsl
		..\shaders\FuseRayMarch.sdsl = ..\shaders\FuseRayMarch.sdsl
		..\shaders\GetItemFloat4_ShaderFX.sdsl = ..\shaders\GetItemFloat4_ShaderFX.sdsl
		..\shaders\GetItemFloat_ShaderFX.sdsl = ..\shaders\GetItemFloat_ShaderFX.sdsl
		..\shaders\Imposter_ShaderFX.sdsl = ..\shaders\Imposter_ShaderFX.sdsl
		..\shaders\SphereProvider.sdsl = ..\shaders\SphereProvider.sdsl
	EndProjectSection
EndProject
Global
	GlobalSection(SolutionConfigurationPlatforms) = preSolution
		Debug|Any CPU = Debug|Any CPU
		Release|Any CPU = Release|Any CPU
	EndGlobalSection
	GlobalSection(ProjectConfigurationPlatforms) = postSolution
		{A6E4858A-CDF7-4384-8FF3-3CFE59E8EEC4}.Debug|Any CPU.ActiveCfg = Debug|Any CPU
		{A6E4858A-CDF7-4384-8FF3-3CFE59E8EEC4}.Debug|Any CPU.Build.0 = Debug|Any CPU
		{A6E4858A-CDF7-4384-8FF3-3CFE59E8EEC4}.Release|Any CPU.ActiveCfg = Release|Any CPU
		{A6E4858A-CDF7-4384-8FF3-3CFE59E8EEC4}.Release|Any CPU.Build.0 = Release|Any CPU
	EndGlobalSection
	GlobalSection(SolutionProperties) = preSolution
		HideSolutionNode = FALSE
	EndGlobalSection
	GlobalSection(NestedProjects) = preSolution
		{F0A73EDC-3DD3-4DC6-980C-D606AF639A16} = {556553BB-F22B-48F2-8571-3C11B43BEA42}
		{1B837CC7-E8C2-4FB9-97E5-9C013364D3BC} = {556553BB-F22B-48F2-8571-3C11B43BEA42}
		{B4F88D52-2A01-46CC-9D48-D4D8CFA0AFC9} = {556553BB-F22B-48F2-8571-3C11B43BEA42}
	EndGlobalSection
	GlobalSection(ExtensibilityGlobals) = postSolution
		SolutionGuid = {CF611081-98A6-431A-9E02-3B4EC9D6D856}
	EndGlobalSection
EndGlobal
